{
  "nodes": {
    "devix": {
      "inputs": {
        "flakelight": "flakelight",
        "nixpkgs": "nixpkgs_2"
      },
      "locked": {
        "lastModified": 1747984228,
        "narHash": "sha256-aF34y9YW+stQyUy0BikokRn5dQYd15q2AIbyqSAM/M8=",
        "owner": "rencire",
        "repo": "devix",
        "rev": "0748fd7a25a67c5124b7597d0b166c72c384acf2",
        "type": "github"
      },
      "original": {
        "owner": "rencire",
        "repo": "devix",
        "type": "github"
      }
    },
    "flakelight": {
      "inputs": {
        "nixpkgs": "nixpkgs"
      },
      "locked": {
        "lastModified": 1745239464,
        "narHash": "sha256-f9FrZUTNyZ8RBz2syUn3vbVjKoM7Bs4nHlj7Q1/Fu/I=",
        "owner": "nix-community",
        "repo": "flakelight",
        "rev": "f6e77f2219f3af0831a9c2079b4b452a23531b46",
        "type": "github"
      },
      "original": {
        "owner": "nix-community",
        "repo": "flakelight",
        "type": "github"
      }
    },
    "nixpkgs": {
      "locked": {
        "lastModified": 1744932701,
        "narHash": "sha256-fusHbZCyv126cyArUwwKrLdCkgVAIaa/fQJYFlCEqiU=",
        "owner": "NixOS",
        "repo": "nixpkgs",
        "rev": "b024ced1aac25639f8ca8fdfc2f8c4fbd66c48ef",
        "type": "github"
      },
      "original": {
        "owner": "NixOS",
        "ref": "nixos-unstable",
        "repo": "nixpkgs",
        "type": "github"
      }
    },
    "nixpkgs_2": {
      "locked": {
        "lastModified": 1745998881,
        "narHash": "sha256-vonyYAKJSlsX4n9GCsS0pHxR6yCrfqBIuGvANlkwG6U=",
        "owner": "NixOS",
        "repo": "nixpkgs",
        "rev": "423d2df5b04b4ee7688c3d71396e872afa236a89",
        "type": "github"
      },
      "original": {
        "owner": "NixOS",
        "ref": "nixpkgs-unstable",
        "repo": "nixpkgs",
        "type": "github"
      }
    },
    "nixpkgs_3": {
      "locked": {
        "lastModified": 1747920628,
        "narHash": "sha256-IlAuXnIi+ZmyS89tt1YOFDCv7FKs9bNBHd3MXMp8PxE=",
        "owner": "NixOS",
        "repo": "nixpkgs",
        "rev": "e314d5c6d3b3a0f40ec5bcbc007b0cbe412f48ae",
        "type": "github"
      },
      "original": {
        "owner": "NixOS",
        "ref": "nixpkgs-unstable",
        "repo": "nixpkgs",
        "type": "github"
      }
    },
    "root": {
      "inputs": {
        "devix": "devix",
        "nixpkgs": "nixpkgs_3"
      }
    }
  },
  "root": "root",
  "version": 7
}
